{
  "version": 4,
  "terraform_version": "1.12.1",
  "serial": 11,
  "lineage": "a0c0bd68-6360-6533-0e8b-3c76755736fb",
  "outputs": {
    "IP_Addresses": {
      "value": "\n  Client public IPs: 54.205.247.166\n\n  Server public IPs: 34.230.60.3, 54.83.236.183, 54.165.35.67\n\n  To connect, add your private key and SSH into any client or server with\n  `ssh ubuntu@PUBLIC_IP`. You can test the integrity of the cluster by running:\n\n    $ consul members\n    $ nomad server members\n    $ nomad node status\n\n  If you see an error message like the following when running any of the above\n  commands, it usually indicates that the configuration script has not finished\n  executing:\n\n  \"Error querying servers: Get http://127.0.0.1:4646/v1/agent/members: dial tcp\n  127.0.0.1:4646: getsockopt: connection refused\"\n\n  Simply wait a few seconds and rerun the command if this occurs.\n\n  The Consul UI can be accessed at http://3by1-mhc-mws-nomad-server-lb-348364303.us-east-1.elb.amazonaws.com:8500/ui.\n  The Nomad  UI can be accessed at http://3by1-mhc-mws-nomad-server-lb-348364303.us-east-1.elb.amazonaws.com:4646/ui.\n  The Vault  UI can be accessed at http://3by1-mhc-mws-nomad-server-lb-348364303.us-east-1.elb.amazonaws.com:8200/ui.\n\n  Set the following for access from the Nomad CLI:\n\n    export CONSUL_HTTP_ADDR=http://3by1-mhc-mws-nomad-server-lb-348364303.us-east-1.elb.amazonaws.com:8500\n    export NOMAD_ADDR=http://3by1-mhc-mws-nomad-server-lb-348364303.us-east-1.elb.amazonaws.com:4646\n    export VAULT_ADDR=http://3by1-mhc-mws-nomad-server-lb-348364303.us-east-1.elb.amazonaws.com:8200\n\n",
      "type": "string"
    }
  },
  "resources": [
    {
      "module": "module.hashistack",
      "mode": "data",
      "type": "aws_iam_policy_document",
      "name": "auto_discover_cluster",
      "provider": "provider[\"registry.terraform.io/hashicorp/aws\"]",
      "instances": [
        {
          "schema_version": 0,
          "attributes": {
            "id": "1048088721",
            "json": "{\n  \"Version\": \"2012-10-17\",\n  \"Statement\": [\n    {\n      \"Effect\": \"Allow\",\n      \"Action\": [\n        \"ec2:DescribeTags\",\n        \"ec2:DescribeInstances\",\n        \"autoscaling:DescribeAutoScalingGroups\"\n      ],\n      \"Resource\": \"*\"\n    }\n  ]\n}",
            "minified_json": "{\"Version\":\"2012-10-17\",\"Statement\":[{\"Effect\":\"Allow\",\"Action\":[\"ec2:DescribeTags\",\"ec2:DescribeInstances\",\"autoscaling:DescribeAutoScalingGroups\"],\"Resource\":\"*\"}]}",
            "override_json": null,
            "override_policy_documents": null,
            "policy_id": null,
            "source_json": null,
            "source_policy_documents": null,
            "statement": [
              {
                "actions": [
                  "autoscaling:DescribeAutoScalingGroups",
                  "ec2:DescribeInstances",
                  "ec2:DescribeTags"
                ],
                "condition": [],
                "effect": "Allow",
                "not_actions": [],
                "not_principals": [],
                "not_resources": [],
                "principals": [],
                "resources": [
                  "*"
                ],
                "sid": ""
              }
            ],
            "version": "2012-10-17"
          },
          "sensitive_attributes": [],
          "identity_schema_version": 0
        }
      ]
    },
    {
      "module": "module.hashistack",
      "mode": "data",
      "type": "aws_iam_policy_document",
      "name": "instance_role",
      "provider": "provider[\"registry.terraform.io/hashicorp/aws\"]",
      "instances": [
        {
          "schema_version": 0,
          "attributes": {
            "id": "2851119427",
            "json": "{\n  \"Version\": \"2012-10-17\",\n  \"Statement\": [\n    {\n      \"Effect\": \"Allow\",\n      \"Action\": \"sts:AssumeRole\",\n      \"Principal\": {\n        \"Service\": \"ec2.amazonaws.com\"\n      }\n    }\n  ]\n}",
            "minified_json": "{\"Version\":\"2012-10-17\",\"Statement\":[{\"Effect\":\"Allow\",\"Action\":\"sts:AssumeRole\",\"Principal\":{\"Service\":\"ec2.amazonaws.com\"}}]}",
            "override_json": null,
            "override_policy_documents": null,
            "policy_id": null,
            "source_json": null,
            "source_policy_documents": null,
            "statement": [
              {
                "actions": [
                  "sts:AssumeRole"
                ],
                "condition": [],
                "effect": "Allow",
                "not_actions": [],
                "not_principals": [],
                "not_resources": [],
                "principals": [
                  {
                    "identifiers": [
                      "ec2.amazonaws.com"
                    ],
                    "type": "Service"
                  }
                ],
                "resources": [],
                "sid": ""
              }
            ],
            "version": "2012-10-17"
          },
          "sensitive_attributes": [],
          "identity_schema_version": 0
        }
      ]
    },
    {
      "module": "module.hashistack",
      "mode": "data",
      "type": "aws_vpc",
      "name": "default",
      "provider": "provider[\"registry.terraform.io/hashicorp/aws\"]",
      "instances": [
        {
          "schema_version": 0,
          "attributes": {
            "arn": "arn:aws:ec2:us-east-1:934745300056:vpc/vpc-a89363d5",
            "cidr_block": "172.31.0.0/16",
            "cidr_block_associations": [
              {
                "association_id": "vpc-cidr-assoc-48a96427",
                "cidr_block": "172.31.0.0/16",
                "state": "associated"
              }
            ],
            "default": true,
            "dhcp_options_id": "dopt-4cdf4236",
            "enable_dns_hostnames": true,
            "enable_dns_support": true,
            "enable_network_address_usage_metrics": false,
            "filter": null,
            "id": "vpc-a89363d5",
            "instance_tenancy": "default",
            "ipv6_association_id": "",
            "ipv6_cidr_block": "",
            "main_route_table_id": "rtb-7326590d",
            "owner_id": "934745300056",
            "state": null,
            "tags": {},
            "timeouts": null
          },
          "sensitive_attributes": [],
          "identity_schema_version": 0
        }
      ]
    },
    {
      "module": "module.hashistack",
      "mode": "managed",
      "type": "aws_elb",
      "name": "server_lb",
      "provider": "provider[\"registry.terraform.io/hashicorp/aws\"]",
      "instances": [
        {
          "schema_version": 0,
          "attributes": {
            "access_logs": [],
            "arn": "arn:aws:elasticloadbalancing:us-east-1:934745300056:loadbalancer/3by1-mhc-mws-nomad-server-lb",
            "availability_zones": [
              "us-east-1b"
            ],
            "connection_draining": false,
            "connection_draining_timeout": 300,
            "cross_zone_load_balancing": true,
            "desync_mitigation_mode": "defensive",
            "dns_name": "3by1-mhc-mws-nomad-server-lb-348364303.us-east-1.elb.amazonaws.com",
            "health_check": [
              {
                "healthy_threshold": 10,
                "interval": 30,
                "target": "TCP:4646",
                "timeout": 5,
                "unhealthy_threshold": 2
              }
            ],
            "id": "3by1-mhc-mws-nomad-server-lb",
            "idle_timeout": 60,
            "instances": [
              "i-0544b7e92842c5f14",
              "i-0ad446cbde6ca4a4a",
              "i-0d459c0718e040f97"
            ],
            "internal": false,
            "listener": [
              {
                "instance_port": 4646,
                "instance_protocol": "http",
                "lb_port": 4646,
                "lb_protocol": "http",
                "ssl_certificate_id": ""
              },
              {
                "instance_port": 8200,
                "instance_protocol": "http",
                "lb_port": 8200,
                "lb_protocol": "http",
                "ssl_certificate_id": ""
              },
              {
                "instance_port": 8500,
                "instance_protocol": "http",
                "lb_port": 8500,
                "lb_protocol": "http",
                "ssl_certificate_id": ""
              }
            ],
            "name": "3by1-mhc-mws-nomad-server-lb",
            "name_prefix": "",
            "security_groups": [
              "sg-0f1275f58d8b39bf7"
            ],
            "source_security_group": "934745300056/3by1-mhc-mws-nomad-server-lb",
            "source_security_group_id": "sg-0f1275f58d8b39bf7",
            "subnets": [
              "subnet-7c7edf23"
            ],
            "tags": null,
            "tags_all": {},
            "timeouts": null,
            "zone_id": "Z35SXDOTRQ7X7K"
          },
          "sensitive_attributes": [],
          "identity_schema_version": 0,
          "private": "eyJlMmJmYjczMC1lY2FhLTExZTYtOGY4OC0zNDM2M2JjN2M0YzAiOnsiY3JlYXRlIjozMDAwMDAwMDAwMDAsInVwZGF0ZSI6MzAwMDAwMDAwMDAwfX0=",
          "dependencies": [
            "module.hashistack.aws_iam_instance_profile.instance_profile",
            "module.hashistack.aws_iam_role.instance_role",
            "module.hashistack.aws_instance.server",
            "module.hashistack.aws_security_group.primary",
            "module.hashistack.aws_security_group.server_lb",
            "module.hashistack.data.aws_iam_policy_document.instance_role",
            "module.hashistack.data.aws_vpc.default"
          ]
        }
      ]
    },
    {
      "module": "module.hashistack",
      "mode": "managed",
      "type": "aws_iam_instance_profile",
      "name": "instance_profile",
      "provider": "provider[\"registry.terraform.io/hashicorp/aws\"]",
      "instances": [
        {
          "schema_version": 0,
          "attributes": {
            "arn": "arn:aws:iam::934745300056:instance-profile/3by1-mhc-mws-nomad20250617211913936900000002",
            "create_date": "2025-06-17T21:19:14Z",
            "id": "3by1-mhc-mws-nomad20250617211913936900000002",
            "name": "3by1-mhc-mws-nomad20250617211913936900000002",
            "name_prefix": "3by1-mhc-mws-nomad",
            "path": "/",
            "role": "3by1-mhc-mws-nomad20250617211913006400000001",
            "tags": null,
            "tags_all": {},
            "unique_id": "AIPA5TIZJLRMIQY6PA6Z7"
          },
          "sensitive_attributes": [],
          "identity_schema_version": 0,
          "private": "bnVsbA==",
          "dependencies": [
            "module.hashistack.aws_iam_role.instance_role",
            "module.hashistack.data.aws_iam_policy_document.instance_role"
          ]
        }
      ]
    },
    {
      "module": "module.hashistack",
      "mode": "managed",
      "type": "aws_iam_role",
      "name": "instance_role",
      "provider": "provider[\"registry.terraform.io/hashicorp/aws\"]",
      "instances": [
        {
          "schema_version": 0,
          "attributes": {
            "arn": "arn:aws:iam::934745300056:role/3by1-mhc-mws-nomad20250617211913006400000001",
            "assume_role_policy": "{\"Statement\":[{\"Action\":\"sts:AssumeRole\",\"Effect\":\"Allow\",\"Principal\":{\"Service\":\"ec2.amazonaws.com\"}}],\"Version\":\"2012-10-17\"}",
            "create_date": "2025-06-17T21:19:13Z",
            "description": "",
            "force_detach_policies": false,
            "id": "3by1-mhc-mws-nomad20250617211913006400000001",
            "inline_policy": [],
            "managed_policy_arns": [],
            "max_session_duration": 3600,
            "name": "3by1-mhc-mws-nomad20250617211913006400000001",
            "name_prefix": "3by1-mhc-mws-nomad",
            "path": "/",
            "permissions_boundary": "",
            "tags": null,
            "tags_all": {},
            "unique_id": "AROA5TIZJLRMJNPEKEQCT"
          },
          "sensitive_attributes": [],
          "identity_schema_version": 0,
          "private": "bnVsbA==",
          "dependencies": [
            "module.hashistack.data.aws_iam_policy_document.instance_role"
          ]
        }
      ]
    },
    {
      "module": "module.hashistack",
      "mode": "managed",
      "type": "aws_iam_role_policy",
      "name": "auto_discover_cluster",
      "provider": "provider[\"registry.terraform.io/hashicorp/aws\"]",
      "instances": [
        {
          "schema_version": 0,
          "attributes": {
            "id": "3by1-mhc-mws-nomad20250617211913006400000001:auto-discover-cluster",
            "name": "auto-discover-cluster",
            "name_prefix": "",
            "policy": "{\"Version\":\"2012-10-17\",\"Statement\":[{\"Action\":[\"ec2:DescribeTags\",\"ec2:DescribeInstances\",\"autoscaling:DescribeAutoScalingGroups\"],\"Effect\":\"Allow\",\"Resource\":\"*\"}]}",
            "role": "3by1-mhc-mws-nomad20250617211913006400000001"
          },
          "sensitive_attributes": [],
          "identity_schema_version": 0,
          "private": "bnVsbA==",
          "dependencies": [
            "module.hashistack.aws_iam_role.instance_role",
            "module.hashistack.data.aws_iam_policy_document.auto_discover_cluster",
            "module.hashistack.data.aws_iam_policy_document.instance_role"
          ]
        }
      ]
    },
    {
      "module": "module.hashistack",
      "mode": "managed",
      "type": "aws_instance",
      "name": "client",
      "provider": "provider[\"registry.terraform.io/hashicorp/aws\"]",
      "instances": [
        {
          "index_key": 0,
          "schema_version": 1,
          "attributes": {
            "ami": "ami-0c55b4315f03e29bf",
            "arn": "arn:aws:ec2:us-east-1:934745300056:instance/i-0a264142f86b7f8ab",
            "associate_public_ip_address": true,
            "availability_zone": "us-east-1b",
            "capacity_reservation_specification": [
              {
                "capacity_reservation_preference": "open",
                "capacity_reservation_target": []
              }
            ],
            "cpu_core_count": 1,
            "cpu_options": [
              {
                "amd_sev_snp": "",
                "core_count": 1,
                "threads_per_core": 2
              }
            ],
            "cpu_threads_per_core": 2,
            "credit_specification": [
              {
                "cpu_credits": "unlimited"
              }
            ],
            "disable_api_stop": false,
            "disable_api_termination": false,
            "ebs_block_device": [
              {
                "delete_on_termination": true,
                "device_name": "/dev/xvdd",
                "encrypted": false,
                "iops": 150,
                "kms_key_id": "",
                "snapshot_id": "",
                "tags": {},
                "tags_all": {},
                "throughput": 0,
                "volume_id": "vol-09e38339b4e4b10ad",
                "volume_size": 50,
                "volume_type": "gp2"
              }
            ],
            "ebs_optimized": false,
            "enable_primary_ipv6": null,
            "enclave_options": [
              {
                "enabled": false
              }
            ],
            "ephemeral_block_device": [],
            "get_password_data": false,
            "hibernation": false,
            "host_id": "",
            "host_resource_group_arn": null,
            "iam_instance_profile": "3by1-mhc-mws-nomad20250617211913936900000002",
            "id": "i-0a264142f86b7f8ab",
            "instance_initiated_shutdown_behavior": "stop",
            "instance_lifecycle": "",
            "instance_market_options": [],
            "instance_state": "running",
            "instance_type": "t3a.medium",
            "ipv6_address_count": 0,
            "ipv6_addresses": [],
            "key_name": "support_nomad_dev-access-key-mikael",
            "launch_template": [],
            "maintenance_options": [
              {
                "auto_recovery": "default"
              }
            ],
            "metadata_options": [
              {
                "http_endpoint": "enabled",
                "http_protocol_ipv6": "disabled",
                "http_put_response_hop_limit": 1,
                "http_tokens": "optional",
                "instance_metadata_tags": "enabled"
              }
            ],
            "monitoring": false,
            "network_interface": [],
            "outpost_arn": "",
            "password_data": "",
            "placement_group": "",
            "placement_partition_number": 0,
            "primary_network_interface_id": "eni-0a514f792e15972ac",
            "private_dns": "ip-172-31-37-249.ec2.internal",
            "private_dns_name_options": [
              {
                "enable_resource_name_dns_a_record": false,
                "enable_resource_name_dns_aaaa_record": false,
                "hostname_type": "ip-name"
              }
            ],
            "private_ip": "172.31.37.249",
            "public_dns": "ec2-54-205-247-166.compute-1.amazonaws.com",
            "public_ip": "54.205.247.166",
            "root_block_device": [
              {
                "delete_on_termination": true,
                "device_name": "/dev/sda1",
                "encrypted": false,
                "iops": 100,
                "kms_key_id": "",
                "tags": null,
                "tags_all": {},
                "throughput": 0,
                "volume_id": "vol-0b12d8080d4147b7e",
                "volume_size": 16,
                "volume_type": "gp2"
              }
            ],
            "secondary_private_ips": [],
            "security_groups": [
              "3by1-mhc-mws-nomad"
            ],
            "source_dest_check": true,
            "spot_instance_request_id": "",
            "subnet_id": "subnet-7c7edf23",
            "tags": {
              "ConsulAutoJoin": "auto-join",
              "Name": "3by1-mhc-mws-nomad-client-0",
              "PromptID": "client-0"
            },
            "tags_all": {
              "ConsulAutoJoin": "auto-join",
              "Name": "3by1-mhc-mws-nomad-client-0",
              "PromptID": "client-0"
            },
            "tenancy": "default",
            "timeouts": null,
            "user_data": "0456a9548a8e79ede32cad572d6dc36f7ef4353c",
            "user_data_base64": null,
            "user_data_replace_on_change": false,
            "volume_tags": null,
            "vpc_security_group_ids": [
              "sg-038a6baf6a88323ee"
            ]
          },
          "sensitive_attributes": [],
          "identity_schema_version": 0,
          "private": "eyJlMmJmYjczMC1lY2FhLTExZTYtOGY4OC0zNDM2M2JjN2M0YzAiOnsiY3JlYXRlIjo2MDAwMDAwMDAwMDAsImRlbGV0ZSI6MTIwMDAwMDAwMDAwMCwicmVhZCI6OTAwMDAwMDAwMDAwLCJ1cGRhdGUiOjYwMDAwMDAwMDAwMH0sInNjaGVtYV92ZXJzaW9uIjoiMSJ9",
          "dependencies": [
            "module.hashistack.aws_iam_instance_profile.instance_profile",
            "module.hashistack.aws_iam_role.instance_role",
            "module.hashistack.aws_instance.server",
            "module.hashistack.aws_security_group.primary",
            "module.hashistack.aws_security_group.server_lb",
            "module.hashistack.data.aws_iam_policy_document.instance_role",
            "module.hashistack.data.aws_vpc.default"
          ]
        }
      ]
    },
    {
      "module": "module.hashistack",
      "mode": "managed",
      "type": "aws_instance",
      "name": "server",
      "provider": "provider[\"registry.terraform.io/hashicorp/aws\"]",
      "instances": [
        {
          "index_key": 0,
          "schema_version": 1,
          "attributes": {
            "ami": "ami-0c55b4315f03e29bf",
            "arn": "arn:aws:ec2:us-east-1:934745300056:instance/i-0ad446cbde6ca4a4a",
            "associate_public_ip_address": true,
            "availability_zone": "us-east-1b",
            "capacity_reservation_specification": [
              {
                "capacity_reservation_preference": "open",
                "capacity_reservation_target": []
              }
            ],
            "cpu_core_count": 1,
            "cpu_options": [
              {
                "amd_sev_snp": "",
                "core_count": 1,
                "threads_per_core": 2
              }
            ],
            "cpu_threads_per_core": 2,
            "credit_specification": [
              {
                "cpu_credits": "unlimited"
              }
            ],
            "disable_api_stop": false,
            "disable_api_termination": false,
            "ebs_block_device": [],
            "ebs_optimized": false,
            "enable_primary_ipv6": null,
            "enclave_options": [
              {
                "enabled": false
              }
            ],
            "ephemeral_block_device": [],
            "get_password_data": false,
            "hibernation": false,
            "host_id": "",
            "host_resource_group_arn": null,
            "iam_instance_profile": "3by1-mhc-mws-nomad20250617211913936900000002",
            "id": "i-0ad446cbde6ca4a4a",
            "instance_initiated_shutdown_behavior": "stop",
            "instance_lifecycle": "",
            "instance_market_options": [],
            "instance_state": "running",
            "instance_type": "t3a.medium",
            "ipv6_address_count": 0,
            "ipv6_addresses": [],
            "key_name": "support_nomad_dev-access-key-mikael",
            "launch_template": [],
            "maintenance_options": [
              {
                "auto_recovery": "default"
              }
            ],
            "metadata_options": [
              {
                "http_endpoint": "enabled",
                "http_protocol_ipv6": "disabled",
                "http_put_response_hop_limit": 1,
                "http_tokens": "optional",
                "instance_metadata_tags": "enabled"
              }
            ],
            "monitoring": false,
            "network_interface": [],
            "outpost_arn": "",
            "password_data": "",
            "placement_group": "",
            "placement_partition_number": 0,
            "primary_network_interface_id": "eni-0b5841e215f8efe13",
            "private_dns": "ip-172-31-40-154.ec2.internal",
            "private_dns_name_options": [
              {
                "enable_resource_name_dns_a_record": false,
                "enable_resource_name_dns_aaaa_record": false,
                "hostname_type": "ip-name"
              }
            ],
            "private_ip": "172.31.40.154",
            "public_dns": "ec2-34-230-60-3.compute-1.amazonaws.com",
            "public_ip": "34.230.60.3",
            "root_block_device": [
              {
                "delete_on_termination": true,
                "device_name": "/dev/sda1",
                "encrypted": false,
                "iops": 100,
                "kms_key_id": "",
                "tags": null,
                "tags_all": {},
                "throughput": 0,
                "volume_id": "vol-07415068edfda844e",
                "volume_size": 16,
                "volume_type": "gp2"
              }
            ],
            "secondary_private_ips": [],
            "security_groups": [
              "3by1-mhc-mws-nomad"
            ],
            "source_dest_check": true,
            "spot_instance_request_id": "",
            "subnet_id": "subnet-7c7edf23",
            "tags": {
              "ConsulAutoJoin": "auto-join",
              "Name": "3by1-mhc-mws-nomad-server-0",
              "PromptID": "server-0"
            },
            "tags_all": {
              "ConsulAutoJoin": "auto-join",
              "Name": "3by1-mhc-mws-nomad-server-0",
              "PromptID": "server-0"
            },
            "tenancy": "default",
            "timeouts": null,
            "user_data": "73b52b17de6f5852452a35bf2001e02eaf7a936a",
            "user_data_base64": null,
            "user_data_replace_on_change": false,
            "volume_tags": null,
            "vpc_security_group_ids": [
              "sg-038a6baf6a88323ee"
            ]
          },
          "sensitive_attributes": [],
          "identity_schema_version": 0,
          "private": "eyJlMmJmYjczMC1lY2FhLTExZTYtOGY4OC0zNDM2M2JjN2M0YzAiOnsiY3JlYXRlIjo2MDAwMDAwMDAwMDAsImRlbGV0ZSI6MTIwMDAwMDAwMDAwMCwicmVhZCI6OTAwMDAwMDAwMDAwLCJ1cGRhdGUiOjYwMDAwMDAwMDAwMH0sInNjaGVtYV92ZXJzaW9uIjoiMSJ9",
          "dependencies": [
            "module.hashistack.aws_iam_instance_profile.instance_profile",
            "module.hashistack.aws_iam_role.instance_role",
            "module.hashistack.aws_security_group.primary",
            "module.hashistack.aws_security_group.server_lb",
            "module.hashistack.data.aws_iam_policy_document.instance_role",
            "module.hashistack.data.aws_vpc.default"
          ]
        },
        {
          "index_key": 1,
          "schema_version": 1,
          "attributes": {
            "ami": "ami-0c55b4315f03e29bf",
            "arn": "arn:aws:ec2:us-east-1:934745300056:instance/i-0544b7e92842c5f14",
            "associate_public_ip_address": true,
            "availability_zone": "us-east-1b",
            "capacity_reservation_specification": [
              {
                "capacity_reservation_preference": "open",
                "capacity_reservation_target": []
              }
            ],
            "cpu_core_count": 1,
            "cpu_options": [
              {
                "amd_sev_snp": "",
                "core_count": 1,
                "threads_per_core": 2
              }
            ],
            "cpu_threads_per_core": 2,
            "credit_specification": [
              {
                "cpu_credits": "unlimited"
              }
            ],
            "disable_api_stop": false,
            "disable_api_termination": false,
            "ebs_block_device": [],
            "ebs_optimized": false,
            "enable_primary_ipv6": null,
            "enclave_options": [
              {
                "enabled": false
              }
            ],
            "ephemeral_block_device": [],
            "get_password_data": false,
            "hibernation": false,
            "host_id": "",
            "host_resource_group_arn": null,
            "iam_instance_profile": "3by1-mhc-mws-nomad20250617211913936900000002",
            "id": "i-0544b7e92842c5f14",
            "instance_initiated_shutdown_behavior": "stop",
            "instance_lifecycle": "",
            "instance_market_options": [],
            "instance_state": "running",
            "instance_type": "t3a.medium",
            "ipv6_address_count": 0,
            "ipv6_addresses": [],
            "key_name": "support_nomad_dev-access-key-mikael",
            "launch_template": [],
            "maintenance_options": [
              {
                "auto_recovery": "default"
              }
            ],
            "metadata_options": [
              {
                "http_endpoint": "enabled",
                "http_protocol_ipv6": "disabled",
                "http_put_response_hop_limit": 1,
                "http_tokens": "optional",
                "instance_metadata_tags": "enabled"
              }
            ],
            "monitoring": false,
            "network_interface": [],
            "outpost_arn": "",
            "password_data": "",
            "placement_group": "",
            "placement_partition_number": 0,
            "primary_network_interface_id": "eni-071c7d6849d9c3710",
            "private_dns": "ip-172-31-46-136.ec2.internal",
            "private_dns_name_options": [
              {
                "enable_resource_name_dns_a_record": false,
                "enable_resource_name_dns_aaaa_record": false,
                "hostname_type": "ip-name"
              }
            ],
            "private_ip": "172.31.46.136",
            "public_dns": "ec2-54-83-236-183.compute-1.amazonaws.com",
            "public_ip": "54.83.236.183",
            "root_block_device": [
              {
                "delete_on_termination": true,
                "device_name": "/dev/sda1",
                "encrypted": false,
                "iops": 100,
                "kms_key_id": "",
                "tags": null,
                "tags_all": {},
                "throughput": 0,
                "volume_id": "vol-0c31afe8ff1840986",
                "volume_size": 16,
                "volume_type": "gp2"
              }
            ],
            "secondary_private_ips": [],
            "security_groups": [
              "3by1-mhc-mws-nomad"
            ],
            "source_dest_check": true,
            "spot_instance_request_id": "",
            "subnet_id": "subnet-7c7edf23",
            "tags": {
              "ConsulAutoJoin": "auto-join",
              "Name": "3by1-mhc-mws-nomad-server-1",
              "PromptID": "server-1"
            },
            "tags_all": {
              "ConsulAutoJoin": "auto-join",
              "Name": "3by1-mhc-mws-nomad-server-1",
              "PromptID": "server-1"
            },
            "tenancy": "default",
            "timeouts": null,
            "user_data": "73b52b17de6f5852452a35bf2001e02eaf7a936a",
            "user_data_base64": null,
            "user_data_replace_on_change": false,
            "volume_tags": null,
            "vpc_security_group_ids": [
              "sg-038a6baf6a88323ee"
            ]
          },
          "sensitive_attributes": [],
          "identity_schema_version": 0,
          "private": "eyJlMmJmYjczMC1lY2FhLTExZTYtOGY4OC0zNDM2M2JjN2M0YzAiOnsiY3JlYXRlIjo2MDAwMDAwMDAwMDAsImRlbGV0ZSI6MTIwMDAwMDAwMDAwMCwicmVhZCI6OTAwMDAwMDAwMDAwLCJ1cGRhdGUiOjYwMDAwMDAwMDAwMH0sInNjaGVtYV92ZXJzaW9uIjoiMSJ9",
          "dependencies": [
            "module.hashistack.aws_iam_instance_profile.instance_profile",
            "module.hashistack.aws_iam_role.instance_role",
            "module.hashistack.aws_security_group.primary",
            "module.hashistack.aws_security_group.server_lb",
            "module.hashistack.data.aws_iam_policy_document.instance_role",
            "module.hashistack.data.aws_vpc.default"
          ]
        },
        {
          "index_key": 2,
          "schema_version": 1,
          "attributes": {
            "ami": "ami-0c55b4315f03e29bf",
            "arn": "arn:aws:ec2:us-east-1:934745300056:instance/i-0d459c0718e040f97",
            "associate_public_ip_address": true,
            "availability_zone": "us-east-1b",
            "capacity_reservation_specification": [
              {
                "capacity_reservation_preference": "open",
                "capacity_reservation_target": []
              }
            ],
            "cpu_core_count": 1,
            "cpu_options": [
              {
                "amd_sev_snp": "",
                "core_count": 1,
                "threads_per_core": 2
              }
            ],
            "cpu_threads_per_core": 2,
            "credit_specification": [
              {
                "cpu_credits": "unlimited"
              }
            ],
            "disable_api_stop": false,
            "disable_api_termination": false,
            "ebs_block_device": [],
            "ebs_optimized": false,
            "enable_primary_ipv6": null,
            "enclave_options": [
              {
                "enabled": false
              }
            ],
            "ephemeral_block_device": [],
            "get_password_data": false,
            "hibernation": false,
            "host_id": "",
            "host_resource_group_arn": null,
            "iam_instance_profile": "3by1-mhc-mws-nomad20250617211913936900000002",
            "id": "i-0d459c0718e040f97",
            "instance_initiated_shutdown_behavior": "stop",
            "instance_lifecycle": "",
            "instance_market_options": [],
            "instance_state": "running",
            "instance_type": "t3a.medium",
            "ipv6_address_count": 0,
            "ipv6_addresses": [],
            "key_name": "support_nomad_dev-access-key-mikael",
            "launch_template": [],
            "maintenance_options": [
              {
                "auto_recovery": "default"
              }
            ],
            "metadata_options": [
              {
                "http_endpoint": "enabled",
                "http_protocol_ipv6": "disabled",
                "http_put_response_hop_limit": 1,
                "http_tokens": "optional",
                "instance_metadata_tags": "enabled"
              }
            ],
            "monitoring": false,
            "network_interface": [],
            "outpost_arn": "",
            "password_data": "",
            "placement_group": "",
            "placement_partition_number": 0,
            "primary_network_interface_id": "eni-0691c61ce964ea2b5",
            "private_dns": "ip-172-31-45-161.ec2.internal",
            "private_dns_name_options": [
              {
                "enable_resource_name_dns_a_record": false,
                "enable_resource_name_dns_aaaa_record": false,
                "hostname_type": "ip-name"
              }
            ],
            "private_ip": "172.31.45.161",
            "public_dns": "ec2-54-165-35-67.compute-1.amazonaws.com",
            "public_ip": "54.165.35.67",
            "root_block_device": [
              {
                "delete_on_termination": true,
                "device_name": "/dev/sda1",
                "encrypted": false,
                "iops": 100,
                "kms_key_id": "",
                "tags": null,
                "tags_all": {},
                "throughput": 0,
                "volume_id": "vol-01d657cceaefcf5b7",
                "volume_size": 16,
                "volume_type": "gp2"
              }
            ],
            "secondary_private_ips": [],
            "security_groups": [
              "3by1-mhc-mws-nomad"
            ],
            "source_dest_check": true,
            "spot_instance_request_id": "",
            "subnet_id": "subnet-7c7edf23",
            "tags": {
              "ConsulAutoJoin": "auto-join",
              "Name": "3by1-mhc-mws-nomad-server-2",
              "PromptID": "server-2"
            },
            "tags_all": {
              "ConsulAutoJoin": "auto-join",
              "Name": "3by1-mhc-mws-nomad-server-2",
              "PromptID": "server-2"
            },
            "tenancy": "default",
            "timeouts": null,
            "user_data": "73b52b17de6f5852452a35bf2001e02eaf7a936a",
            "user_data_base64": null,
            "user_data_replace_on_change": false,
            "volume_tags": null,
            "vpc_security_group_ids": [
              "sg-038a6baf6a88323ee"
            ]
          },
          "sensitive_attributes": [],
          "identity_schema_version": 0,
          "private": "eyJlMmJmYjczMC1lY2FhLTExZTYtOGY4OC0zNDM2M2JjN2M0YzAiOnsiY3JlYXRlIjo2MDAwMDAwMDAwMDAsImRlbGV0ZSI6MTIwMDAwMDAwMDAwMCwicmVhZCI6OTAwMDAwMDAwMDAwLCJ1cGRhdGUiOjYwMDAwMDAwMDAwMH0sInNjaGVtYV92ZXJzaW9uIjoiMSJ9",
          "dependencies": [
            "module.hashistack.aws_iam_instance_profile.instance_profile",
            "module.hashistack.aws_iam_role.instance_role",
            "module.hashistack.aws_security_group.primary",
            "module.hashistack.aws_security_group.server_lb",
            "module.hashistack.data.aws_iam_policy_document.instance_role",
            "module.hashistack.data.aws_vpc.default"
          ]
        }
      ]
    },
    {
      "module": "module.hashistack",
      "mode": "managed",
      "type": "aws_security_group",
      "name": "primary",
      "provider": "provider[\"registry.terraform.io/hashicorp/aws\"]",
      "instances": [
        {
          "schema_version": 1,
          "attributes": {
            "arn": "arn:aws:ec2:us-east-1:934745300056:security-group/sg-038a6baf6a88323ee",
            "description": "Managed by Terraform",
            "egress": [
              {
                "cidr_blocks": [
                  "0.0.0.0/0"
                ],
                "description": "",
                "from_port": 0,
                "ipv6_cidr_blocks": [],
                "prefix_list_ids": [],
                "protocol": "-1",
                "security_groups": [],
                "self": false,
                "to_port": 0
              }
            ],
            "id": "sg-038a6baf6a88323ee",
            "ingress": [
              {
                "cidr_blocks": [
                  "73.97.69.125/32"
                ],
                "description": "",
                "from_port": 18080,
                "ipv6_cidr_blocks": [],
                "prefix_list_ids": [],
                "protocol": "tcp",
                "security_groups": [],
                "self": false,
                "to_port": 18080
              },
              {
                "cidr_blocks": [
                  "73.97.69.125/32"
                ],
                "description": "",
                "from_port": 22,
                "ipv6_cidr_blocks": [],
                "prefix_list_ids": [],
                "protocol": "tcp",
                "security_groups": [],
                "self": false,
                "to_port": 22
              },
              {
                "cidr_blocks": [
                  "73.97.69.125/32"
                ],
                "description": "",
                "from_port": 3000,
                "ipv6_cidr_blocks": [],
                "prefix_list_ids": [],
                "protocol": "tcp",
                "security_groups": [],
                "self": false,
                "to_port": 3000
              },
              {
                "cidr_blocks": [
                  "73.97.69.125/32"
                ],
                "description": "",
                "from_port": 4646,
                "ipv6_cidr_blocks": [],
                "prefix_list_ids": [],
                "protocol": "tcp",
                "security_groups": [
                  "sg-0f1275f58d8b39bf7"
                ],
                "self": false,
                "to_port": 4646
              },
              {
                "cidr_blocks": [
                  "73.97.69.125/32"
                ],
                "description": "",
                "from_port": 50070,
                "ipv6_cidr_blocks": [],
                "prefix_list_ids": [],
                "protocol": "tcp",
                "security_groups": [],
                "self": false,
                "to_port": 50070
              },
              {
                "cidr_blocks": [
                  "73.97.69.125/32"
                ],
                "description": "",
                "from_port": 50075,
                "ipv6_cidr_blocks": [],
                "prefix_list_ids": [],
                "protocol": "tcp",
                "security_groups": [],
                "self": false,
                "to_port": 50075
              },
              {
                "cidr_blocks": [
                  "73.97.69.125/32"
                ],
                "description": "",
                "from_port": 8080,
                "ipv6_cidr_blocks": [],
                "prefix_list_ids": [],
                "protocol": "tcp",
                "security_groups": [],
                "self": false,
                "to_port": 8080
              },
              {
                "cidr_blocks": [
                  "73.97.69.125/32"
                ],
                "description": "",
                "from_port": 8081,
                "ipv6_cidr_blocks": [],
                "prefix_list_ids": [],
                "protocol": "tcp",
                "security_groups": [],
                "self": false,
                "to_port": 8081
              },
              {
                "cidr_blocks": [
                  "73.97.69.125/32"
                ],
                "description": "",
                "from_port": 8200,
                "ipv6_cidr_blocks": [],
                "prefix_list_ids": [],
                "protocol": "tcp",
                "security_groups": [
                  "sg-0f1275f58d8b39bf7"
                ],
                "self": false,
                "to_port": 8200
              },
              {
                "cidr_blocks": [
                  "73.97.69.125/32"
                ],
                "description": "",
                "from_port": 8500,
                "ipv6_cidr_blocks": [],
                "prefix_list_ids": [],
                "protocol": "tcp",
                "security_groups": [
                  "sg-0f1275f58d8b39bf7"
                ],
                "self": false,
                "to_port": 8500
              },
              {
                "cidr_blocks": [
                  "73.97.69.125/32"
                ],
                "description": "",
                "from_port": 8888,
                "ipv6_cidr_blocks": [],
                "prefix_list_ids": [],
                "protocol": "tcp",
                "security_groups": [],
                "self": false,
                "to_port": 8888
              },
              {
                "cidr_blocks": [
                  "73.97.69.125/32"
                ],
                "description": "",
                "from_port": 9998,
                "ipv6_cidr_blocks": [],
                "prefix_list_ids": [],
                "protocol": "tcp",
                "security_groups": [],
                "self": false,
                "to_port": 9999
              },
              {
                "cidr_blocks": [],
                "description": "",
                "from_port": 0,
                "ipv6_cidr_blocks": [],
                "prefix_list_ids": [],
                "protocol": "-1",
                "security_groups": [],
                "self": true,
                "to_port": 0
              }
            ],
            "name": "3by1-mhc-mws-nomad",
            "name_prefix": "",
            "owner_id": "934745300056",
            "revoke_rules_on_delete": false,
            "tags": null,
            "tags_all": {},
            "timeouts": null,
            "vpc_id": "vpc-a89363d5"
          },
          "sensitive_attributes": [],
          "identity_schema_version": 0,
          "private": "eyJlMmJmYjczMC1lY2FhLTExZTYtOGY4OC0zNDM2M2JjN2M0YzAiOnsiY3JlYXRlIjo2MDAwMDAwMDAwMDAsImRlbGV0ZSI6OTAwMDAwMDAwMDAwfSwic2NoZW1hX3ZlcnNpb24iOiIxIn0=",
          "dependencies": [
            "module.hashistack.aws_security_group.server_lb",
            "module.hashistack.data.aws_vpc.default"
          ]
        }
      ]
    },
    {
      "module": "module.hashistack",
      "mode": "managed",
      "type": "aws_security_group",
      "name": "server_lb",
      "provider": "provider[\"registry.terraform.io/hashicorp/aws\"]",
      "instances": [
        {
          "schema_version": 1,
          "attributes": {
            "arn": "arn:aws:ec2:us-east-1:934745300056:security-group/sg-0f1275f58d8b39bf7",
            "description": "Managed by Terraform",
            "egress": [
              {
                "cidr_blocks": [
                  "0.0.0.0/0"
                ],
                "description": "",
                "from_port": 0,
                "ipv6_cidr_blocks": [],
                "prefix_list_ids": [],
                "protocol": "-1",
                "security_groups": [],
                "self": false,
                "to_port": 0
              }
            ],
            "id": "sg-0f1275f58d8b39bf7",
            "ingress": [
              {
                "cidr_blocks": [
                  "73.97.69.125/32"
                ],
                "description": "",
                "from_port": 4646,
                "ipv6_cidr_blocks": [],
                "prefix_list_ids": [],
                "protocol": "tcp",
                "security_groups": [],
                "self": false,
                "to_port": 4646
              },
              {
                "cidr_blocks": [
                  "73.97.69.125/32"
                ],
                "description": "",
                "from_port": 8200,
                "ipv6_cidr_blocks": [],
                "prefix_list_ids": [],
                "protocol": "tcp",
                "security_groups": [],
                "self": false,
                "to_port": 8200
              },
              {
                "cidr_blocks": [
                  "73.97.69.125/32"
                ],
                "description": "",
                "from_port": 8500,
                "ipv6_cidr_blocks": [],
                "prefix_list_ids": [],
                "protocol": "tcp",
                "security_groups": [],
                "self": false,
                "to_port": 8500
              }
            ],
            "name": "3by1-mhc-mws-nomad-server-lb",
            "name_prefix": "",
            "owner_id": "934745300056",
            "revoke_rules_on_delete": false,
            "tags": null,
            "tags_all": {},
            "timeouts": null,
            "vpc_id": "vpc-a89363d5"
          },
          "sensitive_attributes": [],
          "identity_schema_version": 0,
          "private": "eyJlMmJmYjczMC1lY2FhLTExZTYtOGY4OC0zNDM2M2JjN2M0YzAiOnsiY3JlYXRlIjo2MDAwMDAwMDAwMDAsImRlbGV0ZSI6OTAwMDAwMDAwMDAwfSwic2NoZW1hX3ZlcnNpb24iOiIxIn0=",
          "dependencies": [
            "module.hashistack.data.aws_vpc.default"
          ]
        }
      ]
    }
  ],
  "check_results": null
}
